
Microsoft Visual Studio Solution File, Format Version 12.00
# Visual Studio Version 16
VisualStudioVersion = 16.0.31105.61
MinimumVisualStudioVersion = 10.0.40219.1
Project("{FAE04EC0-301F-11D3-BF4B-00C04F79EFBC}") = "WebApi", "WebApi\WebApi.csproj", "{5CC1A7D8-F185-4D47-9989-6A8834ABEC36}"
EndProject
Project("{FAE04EC0-301F-11D3-BF4B-00C04F79EFBC}") = "ClientOAuthApi", "..\ClientOAuthApi\ClientOAuthApi\ClientOAuthApi.csproj", "{1266B8FA-93DA-409A-AD8F-590130C220FA}"
EndProject
Global
	GlobalSection(SolutionConfigurationPlatforms) = preSolution
		Debug|Any CPU = Debug|Any CPU
		Release|Any CPU = Release|Any CPU
	EndGlobalSection
	GlobalSection(ProjectConfigurationPlatforms) = postSolution
		{5CC1A7D8-F185-4D47-9989-6A8834ABEC36}.Debug|Any CPU.ActiveCfg = Debug|Any CPU
		{5CC1A7D8-F185-4D47-9989-6A8834ABEC36}.Debug|Any CPU.Build.0 = Debug|Any CPU
		{5CC1A7D8-F185-4D47-9989-6A8834ABEC36}.Release|Any CPU.ActiveCfg = Release|Any CPU
		{5CC1A7D8-F185-4D47-9989-6A8834ABEC36}.Release|Any CPU.Build.0 = Release|Any CPU
		{1266B8FA-93DA-409A-AD8F-590130C220FA}.Debug|Any CPU.ActiveCfg = Debug|Any CPU
		{1266B8FA-93DA-409A-AD8F-590130C220FA}.Debug|Any CPU.Build.0 = Debug|Any CPU
		{1266B8FA-93DA-409A-AD8F-590130C220FA}.Release|Any CPU.ActiveCfg = Release|Any CPU
		{1266B8FA-93DA-409A-AD8F-590130C220FA}.Release|Any CPU.Build.0 = Release|Any CPU
	EndGlobalSection
	GlobalSection(SolutionProperties) = preSolution
		HideSolutionNode = FALSE
	EndGlobalSection
	GlobalSection(ExtensibilityGlobals) = postSolution
		SolutionGuid = {CC3C70F2-8772-4A32-82D4-10B90648ACA8}
	EndGlobalSection
EndGlobal
